
Microsoft Visual Studio Solution File, Format Version 12.00
# Visual Studio 15
VisualStudioVersion = 15.0.28307.421
MinimumVisualStudioVersion = 10.0.40219.1
Project("{FAE04EC0-301F-11D3-BF4B-00C04F79EFBC}") = "SumOfNumbers", "SumOfNumbers\SumOfNumbers.csproj", "{EB7520DA-2711-4970-B8D8-933F0C7CE055}"
EndProject
Global
	GlobalSection(SolutionConfigurationPlatforms) = preSolution
		Debug|Any CPU = Debug|Any CPU
		Release|Any CPU = Release|Any CPU
	EndGlobalSection
	GlobalSection(ProjectConfigurationPlatforms) = postSolution
		{EB7520DA-2711-4970-B8D8-933F0C7CE055}.Debug|Any CPU.ActiveCfg = Debug|Any CPU
		{EB7520DA-2711-4970-B8D8-933F0C7CE055}.Debug|Any CPU.Build.0 = Debug|Any CPU
		{EB7520DA-2711-4970-B8D8-933F0C7CE055}.Release|Any CPU.ActiveCfg = Release|Any CPU
		{EB7520DA-2711-4970-B8D8-933F0C7CE055}.Release|Any CPU.Build.0 = Release|Any CPU
	EndGlobalSection
	GlobalSection(SolutionProperties) = preSolution
		HideSolutionNode = FALSE
	EndGlobalSection
	GlobalSection(ExtensibilityGlobals) = postSolution
		SolutionGuid = {AE543385-0154-4316-8A7F-A3D9E78CD104}
	EndGlobalSection
EndGlobal
